
Microsoft Visual Studio Solution File, Format Version 12.00
# Visual Studio Version 17
VisualStudioVersion = 17.11.35208.52
MinimumVisualStudioVersion = 10.0.40219.1
Project("{FAE04EC0-301F-11D3-BF4B-00C04F79EFBC}") = "NetworkWatcher", "NetworkWatcher\NetworkWatcher.csproj", "{6B122342-7944-4A13-A821-05CE6A1296FA}"
EndProject
Project("{2150E333-8FDC-42A3-9474-1A3956D46DE8}") = "Položky řešení", "Položky řešení", "{D3544F30-7192-4FEA-9826-BF127DA8EC14}"
	ProjectSection(SolutionItems) = preProject
		LICENSE = LICENSE
		README.md = README.md
	EndProjectSection
EndProject
Global
	GlobalSection(SolutionConfigurationPlatforms) = preSolution
		Debug|Any CPU = Debug|Any CPU
		Release|Any CPU = Release|Any CPU
	EndGlobalSection
	GlobalSection(ProjectConfigurationPlatforms) = postSolution
		{6B122342-7944-4A13-A821-05CE6A1296FA}.Debug|Any CPU.ActiveCfg = Debug|Any CPU
		{6B122342-7944-4A13-A821-05CE6A1296FA}.Debug|Any CPU.Build.0 = Debug|Any CPU
		{6B122342-7944-4A13-A821-05CE6A1296FA}.Release|Any CPU.ActiveCfg = Release|Any CPU
		{6B122342-7944-4A13-A821-05CE6A1296FA}.Release|Any CPU.Build.0 = Release|Any CPU
	EndGlobalSection
	GlobalSection(SolutionProperties) = preSolution
		HideSolutionNode = FALSE
	EndGlobalSection
	GlobalSection(ExtensibilityGlobals) = postSolution
		SolutionGuid = {F20F96BA-B8DD-46D0-A70C-FCCAF6AA0F60}
	EndGlobalSection
EndGlobal
